
Microsoft Visual Studio Solution File, Format Version 12.00
# Visual Studio Version 16
VisualStudioVersion = 16.0.29102.190
MinimumVisualStudioVersion = 10.0.40219.1
Project("{FAE04EC0-301F-11D3-BF4B-00C04F79EFBC}") = "DataConvsersion", "DataConvsersion\DataConvsersion.csproj", "{6C521DBD-00F0-47A1-8416-43C2620CCEED}"
EndProject
Global
	GlobalSection(SolutionConfigurationPlatforms) = preSolution
		Debug|Any CPU = Debug|Any CPU
		Release|Any CPU = Release|Any CPU
	EndGlobalSection
	GlobalSection(ProjectConfigurationPlatforms) = postSolution
		{6C521DBD-00F0-47A1-8416-43C2620CCEED}.Debug|Any CPU.ActiveCfg = Debug|Any CPU
		{6C521DBD-00F0-47A1-8416-43C2620CCEED}.Debug|Any CPU.Build.0 = Debug|Any CPU
		{6C521DBD-00F0-47A1-8416-43C2620CCEED}.Release|Any CPU.ActiveCfg = Release|Any CPU
		{6C521DBD-00F0-47A1-8416-43C2620CCEED}.Release|Any CPU.Build.0 = Release|Any CPU
	EndGlobalSection
	GlobalSection(SolutionProperties) = preSolution
		HideSolutionNode = FALSE
	EndGlobalSection
	GlobalSection(ExtensibilityGlobals) = postSolution
		SolutionGuid = {93F057C7-B087-40C9-8BEC-AA66B2BC88AE}
	EndGlobalSection
EndGlobal
